{
  "name": "bookmark-manager",
  "version": "0.1.0",
  "lockfileVersion": 3,
  "requires": true,
  "packages": {
    "": {
      "name": "bookmark-manager",
      "version": "0.1.0",
      "license": "MPL-2.0",
      "dependencies": {
        "@react-querybuilder/dnd": "^8.24.3",
        "react": "^19.3.0",
        "react-dnd": "^16.0.1",
        "react-dnd-html5-backend": "^16.0.1",
        "react-dom": "^19.3.0",
        "react-querybuilder": "^8.24.3"
      },
      "devDependencies": {
        "esbuild": "^0.28.2"
      }
    },
    "node_modules/@babel/runtime": {
      "version": "7.29.7",
      "resolved": "https://registry.npmjs.org/@babel/runtime/-/runtime-7.29.7.tgz",
      "integrity": "sha512-Nq8OhGWiZIZGV6hLHoyAKLLcJihP/xFeBMGJoUrxTX2psI8dCifzLhZISFb+VWS3wFMRDmCGw5R+dOySCqPLhw==",
      "license": "MIT",
      "engines": {
        "node": ">=6.9.0"
      }
    },
    "node_modules/@esbuild/aix-ppc64": {
      "version": "0.28.2",
      "resolved": "https://registry.npmjs.org/@esbuild/aix-ppc64/-/aix-ppc64-0.28.2.tgz",
      "integrity": "sha512-XExcO+dvLKvVtNTibSTBej1NCAbaGhWn9Ww1ZPx80qsahhPFe/8jgWP0IchNe0F3HwkU7n8ejhH8bjonqht8mQ==",
      "cpu": [
        "ppc64"
      ],
      "dev": true,
      "license": "MIT",
      "optional": true,
      "os": [
        "aix"
      ],
      "engines": {
        "node": ">=18"
      }
    },
    "node_modules/@esbuild/android-arm": {
      "version": "0.28.2",
      "resolved": "https://registry.npmjs.org/@esbuild/android-arm/-/android-arm-0.28.2.tgz",
      "integrity": "sha512-kXXoiPVVGQcnIYGOeaovwOURpniDBpSq4A03qkQ+BMQqtGG6HYap3xne9C1O1yo4TR3qxlCX5IqqmX6fFo2Lqg==",
      "cpu": [
        "arm"
      ],
      "dev": true,
      "license": "MIT",
      "optional": true,
      "os": [
        "android"
      ],
      "engines": {
        "node": ">=18"
      }
    },
    "node_modules/@esbuild/android-arm64": {
      "version": "0.28.2",
      "resolved": "https://registry.npmjs.org/@esbuild/android-arm64/-/android-arm64-0.28.2.tgz",
      "integrity": "sha512-5YfKeeI8qWfBZIX+u2xZC3Zlb3Os/gLS2sbEKM+I4ZOcsWmHS2WLysCcQZDAFRslDUU5Oiq44gf6PYN1vGwG5A==",
      "cpu": [
        "arm64"
      ],
      "dev": true,
      "license": "MIT",
      "optional": true,
      "os": [
        "android"
      ],
      "engines": {
        "node": ">=18"
      }
    },
    "node_modules/@esbuild/android-x64": {
      "version": "0.28.2",
      "resolved": "https://registry.npmjs.org/@esbuild/android-x64/-/android-x64-0.28.2.tgz",
      "integrity": "sha512-O387ite7SzUyCcy3JQX4P4bLtEA7bLLkx+esve5JHnyYfNTxcVpXZo9jhdB0lTKN44gztELTdU7nS8Nr16Fs1Q==",
      "cpu": [
        "x64"
      ],
      "dev": true,
      "license": "MIT",
      "optional": true,
      "os": [
        "android"
      ],
      "engines": {
        "node": ">=18"
      }
    },
    "node_modules/@esbuild/darwin-arm64": {
      "version": "0.28.2",
      "resolved": "https://registry.npmjs.org/@esbuild/darwin-arm64/-/darwin-arm64-0.28.2.tgz",
      "integrity": "sha512-n4KqkOQrraxHJcgjM1RvwbigfQKIKJVpM7xp+KsxiyUSrRdIXnt73VhrPAx0fV44hgfmIVKjxMN9J1t5jySVkw==",
      "cpu": [
        "arm64"
      ],
      "dev": true,
      "license": "MIT",
      "optional": true,
      "os": [
        "darwin"
      ],
      "engines": {
        "node": ">=18"
      }
    },
    "node_modules/@esbuild/darwin-x64": {
      "version": "0.28.2",
      "resolved": "https://registry.npmjs.org/@esbuild/darwin-x64/-/darwin-x64-0.28.2.tgz",
      "integrity": "sha512-uq6suIWYP37qzGddBKPw5QEQPi6HiLGsO7UmkpfyaYNQ3D+rN6w6WfwH+nuqcGXWvawGwxOEroO4YGnFh95azw==",
      "cpu": [
        "x64"
      ],
      "dev": true,
      "license": "MIT",
      "optional": true,
      "os": [
        "darwin"
      ],
      "engines": {
        "node": ">=18"
      }
    },
    "node_modules/@esbuild/freebsd-arm64": {
      "version": "0.28.2",
      "resolved": "https://registry.npmjs.org/@esbuild/freebsd-arm64/-/freebsd-arm64-0.28.2.tgz",
      "integrity": "sha512-n+I0BTSRIoy+d6RPKnEVwql5UwBJolytvY4mAOIEJorKlqgPII8ix6slVVrfZ5Tnj7glIZvloylbB/EJPMWEXw==",
      "cpu": [
        "arm64"
      ],
      "dev": true,
      "license": "MIT",
      "optional": true,
      "os": [
        "freebsd"
      ],
      "engines": {
        "node": ">=18"
      }
    },
    "node_modules/@esbuild/freebsd-x64": {
      "version": "0.28.2",
      "resolved": "https://registry.npmjs.org/@esbuild/freebsd-x64/-/freebsd-x64-0.28.2.tgz",
      "integrity": "sha512-78XJTJkvPs0kz2w61301PJjXl4g7q3JqiYMZ/M/yVI73EHBrCRTgkhu9oqG7vPqq+a/yadEW8aD+agKlk5xrmg==",
      "cpu": [
        "x64"
      ],
      "dev": true,
      "license": "MIT",
      "optional": true,
      "os": [
        "freebsd"
      ],
      "engines": {
        "node": ">=18"
      }
    },
    "node_modules/@esbuild/linux-arm": {
      "version": "0.28.2",
      "resolved": "https://registry.npmjs.org/@esbuild/linux-arm/-/linux-arm-0.28.2.tgz",
      "integrity": "sha512-XlDnu2q5yoqems+xay6wSAcg9DDD7K9RLKZEBOMZm3ckNpJBvOX20tSfby8KfrrhINDyv9V2YVZKY/SpoGJI8w==",
      "cpu": [
        "arm"
      ],
      "dev": true,
      "license": "MIT",
      "optional": true,
      "os": [
        "linux"
      ],
      "engines": {
        "node": ">=18"
      }
    },
    "node_modules/@esbuild/linux-arm64": {
      "version": "0.28.2",
      "resolved": "https://registry.npmjs.org/@esbuild/linux-arm64/-/linux-arm64-0.28.2.tgz",
      "integrity": "sha512-pW4AC0P3it8c7do9MVM4p51FzHzdM/TZrerurgRcHJ2WTa1VQ1CIq18xncfpBJw4ojkiZZrKW2yIBWBP92j6Ug==",
      "cpu": [
        "arm64"
      ],
      "dev": true,
      "license": "MIT",
      "optional": true,
      "os": [
        "linux"
      ],
      "engines": {
        "node": ">=18"
      }
    },
    "node_modules/@esbuild/linux-ia32": {
      "version": "0.28.2",
      "resolved": "https://registry.npmjs.org/@esbuild/linux-ia32/-/linux-ia32-0.28.2.tgz",
      "integrity": "sha512-CYbnj78HsIeA+DhgUKgFCfvNsTHFhMMrinUrMZpDXJXKN8T3XViTZ/+wtHeVxEWY8ewSzTFN+nRmSwO2tZaLUQ==",
      "cpu": [
        "ia32"
      ],
      "dev": true,
      "license": "MIT",
      "optional": true,
      "os": [
        "linux"
      ],
      "engines": {
        "node": ">=18"
      }
    },
    "node_modules/@esbuild/linux-loong64": {
      "version": "0.28.2",
      "resolved": "https://registry.npmjs.org/@esbuild/linux-loong64/-/linux-loong64-0.28.2.tgz",
      "integrity": "sha512-buwkd8nsph4R+ajRvw0qM5Hja/TXQow3ptzWO2EbG/cqcIkHloRrdlBtQlshyYGTNFvfkfJ5tpPLVkY4DtsPfQ==",
      "cpu": [
        "loong64"
      ],
      "dev": true,
      "license": "MIT",
      "optional": true,
      "os": [
        "linux"
      ],
      "engines": {
        "node": ">=18"
      }
    },
    "node_modules/@esbuild/linux-mips64el": {
      "version": "0.28.2",
      "resolved": "https://registry.npmjs.org/@esbuild/linux-mips64el/-/linux-mips64el-0.28.2.tgz",
      "integrity": "sha512-ZVykbDyk7519VwiNb9Lcj9m8XM6v5V9uKPvrEMkkEedVewf+0itkhahp4HDpgERXhwLRpWFypsGbG/J8s0QjJA==",
      "cpu": [
        "mips64el"
      ],
      "dev": true,
      "license": "MIT",
      "optional": true,
      "os": [
        "linux"
      ],
      "engines": {
        "node": ">=18"
      }
    },
    "node_modules/@esbuild/linux-ppc64": {
      "version": "0.28.2",
      "resolved": "https://registry.npmjs.org/@esbuild/linux-ppc64/-/linux-ppc64-0.28.2.tgz",
      "integrity": "sha512-CAXl+Dtd9UUuJd8pKKdwh6MLm3MUMiqMPmhZ3tTSXPqfyQ3vDl6R5hZdZ/kYojK4ofXtdfSv1tFq8XzWx3heNQ==",
      "cpu": [
        "ppc64"
      ],
      "dev": true,
      "license": "MIT",
      "optional": true,
      "os": [
        "linux"
      ],
      "engines": {
        "node": ">=18"
      }
    },
    "node_modules/@esbuild/linux-riscv64": {
      "version": "0.28.2",
      "resolved": "https://registry.npmjs.org/@esbuild/linux-riscv64/-/linux-riscv64-0.28.2.tgz",
      "integrity": "sha512-GeXCej4IQtU1B+QlDV8W/RRvbzI3O/Stss+/bCXv4lZls5WGRtu2a+3JkA3i4qIUlMXpcHebWpF8AkJhATowuA==",
      "cpu": [
        "riscv64"
      ],
      "dev": true,
      "license": "MIT",
      "optional": true,
      "os": [
        "linux"
      ],
      "engines": {
        "node": ">=18"
      }
    },
    "node_modules/@esbuild/linux-s390x": {
      "version": "0.28.2",
      "resolved": "https://registry.npmjs.org/@esbuild/linux-s390x/-/linux-s390x-0.28.2.tgz",
      "integrity": "sha512-3H1weTYZPxt/WOhByszQZybS9w5lKzUn1FDMsgEChbHWQwHYQQRfBxgCcZvPhjHfKyJjIievvMmEUawJrdY9Dg==",
      "cpu": [
        "s390x"
      ],
      "dev": true,
      "license": "MIT",
      "optional": true,
      "os": [
        "linux"
      ],
      "engines": {
        "node": ">=18"
      }
    },
    "node_modules/@esbuild/linux-x64": {
      "version": "0.28.2",
      "resolved": "https://registry.npmjs.org/@esbuild/linux-x64/-/linux-x64-0.28.2.tgz",
      "integrity": "sha512-4xTZr1FUmSoQW4XIWmit3tzQrUTZM+N3P0XV8xROKYF50XfI7xeO90+1bZvNwxIufQ9hDQVRJH5YhgPVF8A/HQ==",
      "cpu": [
        "x64"
      ],
      "dev": true,
      "license": "MIT",
      "optional": true,
      "os": [
        "linux"
      ],
      "engines": {
        "node": ">=18"
      }
    },
    "node_modules/@esbuild/netbsd-arm64": {
      "version": "0.28.2",
      "resolved": "https://registry.npmjs.org/@esbuild/netbsd-arm64/-/netbsd-arm64-0.28.2.tgz",
      "integrity": "sha512-sSATRjPeDBg3pdgHoQfoYBob11Kk1FGa9lui5RIHZCoCkJa9QKlvl3/vKz2usCmYYjs7ymJR/2Nnsqe+Hjt5nw==",
      "cpu": [
        "arm64"
      ],
      "dev": true,
      "license": "MIT",
      "optional": true,
      "os": [
        "netbsd"
      ],
      "engines": {
        "node": ">=18"
      }
    },
    "node_modules/@esbuild/netbsd-x64": {
      "version": "0.28.2",
      "resolved": "https://registry.npmjs.org/@esbuild/netbsd-x64/-/netbsd-x64-0.28.2.tgz",
      "integrity": "sha512-lqnzCV+mM0gIADaKihiCg6ifgfU2L3h5E33rNQBN1Y4MaVGnzryzmvvf7UHxprpQdE8hpqLolJ9Rl+SkIRDpyw==",
      "cpu": [
        "x64"
      ],
      "dev": true,
      "license": "MIT",
      "optional": true,
      "os": [
        "netbsd"
      ],
      "engines": {
        "node": ">=18"
      }
    },
    "node_modules/@esbuild/openbsd-arm64": {
      "version": "0.28.2",
      "resolved": "https://registry.npmjs.org/@esbuild/openbsd-arm64/-/openbsd-arm64-0.28.2.tgz",
      "integrity": "sha512-AL2qJILH7lNjrDmCQDvdxMfAUIv8KMNZOvrwAQ8i8//ntL9FflhOyMJ8OZSMBb8/AWXe3/5v5S20y3zCoZWKoQ==",
      "cpu": [
        "arm64"
      ],
      "dev": true,
      "license": "MIT",
      "optional": true,
      "os": [
        "openbsd"
      ],
      "engines": {
        "node": ">=18"
      }
    },
    "node_modules/@esbuild/openbsd-x64": {
      "version": "0.28.2",
      "resolved": "https://registry.npmjs.org/@esbuild/openbsd-x64/-/openbsd-x64-0.28.2.tgz",
      "integrity": "sha512-QtiuPytchRyC4rwUKhexJdQKvDuZ6hWloi3igqPQNUJCS1/v9EiO3UTOXR6A3FoMo4fnAKbWJdqaIwhOzh8qEw==",
      "cpu": [
        "x64"
      ],
      "dev": true,
      "license": "MIT",
      "optional": true,
      "os": [
        "openbsd"
      ],
      "engines": {
        "node": ">=18"
      }
    },
    "node_modules/@esbuild/openharmony-arm64": {
      "version": "0.28.2",
      "resolved": "https://registry.npmjs.org/@esbuild/openharmony-arm64/-/openharmony-arm64-0.28.2.tgz",
      "integrity": "sha512-WkhYDmpTjLvGlScA1rwjRUmhl4k8oXR3cIbtqWmELgU/dFeHHlEllxDvdWcNJV9rbzCexB5vz8gtNewWLgCT7Q==",
      "cpu": [
        "arm64"
      ],
      "dev": true,
      "license": "MIT",
      "optional": true,
      "os": [
        "openharmony"
      ],
      "engines": {
        "node": ">=18"
      }
    },
    "node_modules/@esbuild/sunos-x64": {
      "version": "0.28.2",
      "resolved": "https://registry.npmjs.org/@esbuild/sunos-x64/-/sunos-x64-0.28.2.tgz",
      "integrity": "sha512-GPMSkTOtMnv2U2F8gxe4Io6qmVs+YKyp832Etqqxr0hFngmXQ3rzwytelm3GIn7T4VviRUlf3sOgBOiTdvaf7g==",
      "cpu": [
        "x64"
      ],
      "dev": true,
      "license": "MIT",
      "optional": true,
      "os": [
        "sunos"
      ],
      "engines": {
        "node": ">=18"
      }
    },
    "node_modules/@esbuild/win32-arm64": {
      "version": "0.28.2",
      "resolved": "https://registry.npmjs.org/@esbuild/win32-arm64/-/win32-arm64-0.28.2.tgz",
      "integrity": "sha512-PIhhEkE9uPBleRBrQEJpUn7MBnibZzbGzYWPmY3x+YoVg/95zbjB4CxPPOQ8l5tYYM4mMaCthF8/1DIfBQQyWQ==",
      "cpu": [
        "arm64"
      ],
      "dev": true,
      "license": "MIT",
      "optional": true,
      "os": [
        "win32"
      ],
      "engines": {
        "node": ">=18"
      }
    },
    "node_modules/@esbuild/win32-ia32": {
      "version": "0.28.2",
      "resolved": "https://registry.npmjs.org/@esbuild/win32-ia32/-/win32-ia32-0.28.2.tgz",
      "integrity": "sha512-YmJbfTlvU7Sdn9BB+4PRES4oB6pxgS37MAONj+hBr/cpXS1aBPKXxNnDbu+QCWPj0o9dgyxeq79g6c5P8KeuYA==",
      "cpu": [
        "ia32"
      ],
      "dev": true,
      "license": "MIT",
      "optional": true,
      "os": [
        "win32"
      ],
      "engines": {
        "node": ">=18"
      }
    },
    "node_modules/@esbuild/win32-x64": {
      "version": "0.28.2",
      "resolved": "https://registry.npmjs.org/@esbuild/win32-x64/-/win32-x64-0.28.2.tgz",
      "integrity": "sha512-5ebpxr3nWMzrL/rnUI755Jkuee0bHL/Gq0WTF9lvcpv73wAp5eu8MfBUgWK9bhWvZjj7yX8etf/8tI8Ney695g==",
      "cpu": [
        "x64"
      ],
      "dev": true,
      "license": "MIT",
      "optional": true,
      "os": [
        "win32"
      ],
      "engines": {
        "node": ">=18"
      }
    },
    "node_modules/@react-dnd/asap": {
      "version": "5.0.2",
      "resolved": "https://registry.npmjs.org/@react-dnd/asap/-/asap-5.0.2.tgz",
      "integrity": "sha512-WLyfoHvxhs0V9U+GTsGilGgf2QsPl6ZZ44fnv0/b8T3nQyvzxidxsg/ZltbWssbsRDlYW8UKSQMTGotuTotZ6A==",
      "license": "MIT"
    },
    "node_modules/@react-dnd/invariant": {
      "version": "4.0.2",
      "resolved": "https://registry.npmjs.org/@react-dnd/invariant/-/invariant-4.0.2.tgz",
      "integrity": "sha512-xKCTqAK/FFauOM9Ta2pswIyT3D8AQlfrYdOi/toTPEhqCuAs1v5tcJ3Y08Izh1cJ5Jchwy9SeAXmMg6zrKs2iw==",
      "license": "MIT"
    },
    "node_modules/@react-dnd/shallowequal": {
      "version": "4.0.2",
      "resolved": "https://registry.npmjs.org/@react-dnd/shallowequal/-/shallowequal-4.0.2.tgz",
      "integrity": "sha512-/RVXdLvJxLg4QKvMoM5WlwNR9ViO9z8B/qPcc+C0Sa/teJY7QG7kJ441DwzOjMYEY7GmU4dj5EcGHIkKZiQZCA==",
      "license": "MIT"
    },
    "node_modules/@react-querybuilder/core": {
      "version": "8.24.3",
      "resolved": "https://registry.npmjs.org/@react-querybuilder/core/-/core-8.24.3.tgz",
      "integrity": "sha512-vfalO3oj6XCFhCXx/1KoiIdyZJiTJFGThO05CiigevhMc/9c7f9e+jY7gkaPUpfy1sBkk6Ag5zgog+4JuDTmBg==",
      "license": "MIT",
      "dependencies": {
        "@ts-jison/lexer": "0.4.1-alpha.4",
        "@ts-jison/parser": "0.4.1-alpha.4",
        "@types/json-logic-js": ">=2",
        "immer": "^11.1.18",
        "numeric-quantity": "^3.3.3"
      },
      "peerDependencies": {
        "@tanstack/db": ">=0.6.9",
        "@traqula/parser-sparql-1-2": ">=0.1.0",
        "chevrotain": ">=11",
        "drizzle-orm": ">=0.38.0",
        "json-logic-js": ">=2",
        "jsonata": ">=2",
        "sequelize": ">=6",
        "spel2js": ">=0.2.0"
      },
      "peerDependenciesMeta": {
        "@tanstack/db": {
          "optional": true
        },
        "@traqula/parser-sparql-1-2": {
          "optional": true
        },
        "chevrotain": {
          "optional": true
        },
        "drizzle-orm": {
          "optional": true
        },
        "json-logic-js": {
          "optional": true
        },
        "jsonata": {
          "optional": true
        },
        "sequelize": {
          "optional": true
        },
        "spel2js": {
          "optional": true
        }
      }
    },
    "node_modules/@react-querybuilder/dnd": {
      "version": "8.24.3",
      "resolved": "https://registry.npmjs.org/@react-querybuilder/dnd/-/dnd-8.24.3.tgz",
      "integrity": "sha512-/1rLyEE6jXjS3dkxsXSsahfL4bP0bWvVPjOKhfV7BwrCpmBvd8QB9Rw7CLV01FVI7+nfU+SCGrbI0W1bSWvRYg==",
      "license": "MIT",
      "peerDependencies": {
        "@atlaskit/pragmatic-drag-and-drop": ">=1.0.0",
        "@dnd-kit/core": ">=6.0.0",
        "react": ">=18",
        "react-dnd": ">=14.0.0",
        "react-dnd-html5-backend": ">=14.0.0",
        "react-dnd-touch-backend": ">=14.0.0",
        "react-querybuilder": "8.24.3"
      },
      "peerDependenciesMeta": {
        "@atlaskit/pragmatic-drag-and-drop": {
          "optional": true
        },
        "@dnd-kit/core": {
          "optional": true
        },
        "react-dnd": {
          "optional": true
        },
        "react-dnd-html5-backend": {
          "optional": true
        },
        "react-dnd-touch-backend": {
          "optional": true
        }
      }
    },
    "node_modules/@reduxjs/toolkit": {
      "version": "2.13.0",
      "resolved": "https://registry.npmjs.org/@reduxjs/toolkit/-/toolkit-2.13.0.tgz",
      "integrity": "sha512-f6jwVRfwW30+tnllz4YcsHHpPYYOE7abcHkyUCovD+P7DyhdAI5prz2Fh/8TLhakjpN+7aIEion1s5L/tvlYlA==",
      "license": "MIT",
      "dependencies": {
        "@standard-schema/spec": "^1.0.0",
        "@standard-schema/utils": "^0.3.0",
        "immer": "^11.0.0",
        "redux": "^5.0.1",
        "redux-thunk": "^3.1.0",
        "reselect": "^5.1.0"
      },
      "peerDependencies": {
        "react": "^16.9.0 || ^17.0.0 || ^18 || ^19",
        "react-redux": "^7.2.1 || ^8.1.3 || ^9.0.0"
      },
      "peerDependenciesMeta": {
        "react": {
          "optional": true
        },
        "react-redux": {
          "optional": true
        }
      }
    },
    "node_modules/@standard-schema/spec": {
      "version": "1.1.0",
      "resolved": "https://registry.npmjs.org/@standard-schema/spec/-/spec-1.1.0.tgz",
      "integrity": "sha512-l2aFy5jALhniG5HgqrD6jXLi/rUWrKvqN/qJx6yoJsgKhblVd+iqqU4RCXavm/jPityDo5TCvKMnpjKnOriy0w==",
      "license": "MIT"
    },
    "node_modules/@standard-schema/utils": {
      "version": "0.3.0",
      "resolved": "https://registry.npmjs.org/@standard-schema/utils/-/utils-0.3.0.tgz",
      "integrity": "sha512-e7Mew686owMaPJVNNLs55PUvgz371nKgwsc4vxE49zsODpJEnxgxRo2y/OKrqueavXgZNMDVj3DdHFlaSAeU8g==",
      "license": "MIT"
    },
    "node_modules/@ts-jison/common": {
      "version": "0.4.1-alpha.4",
      "resolved": "https://registry.npmjs.org/@ts-jison/common/-/common-0.4.1-alpha.4.tgz",
      "integrity": "sha512-3P2x2i/sIh8mVeAY+lu9/NqpuLm4V+McGPce3k/1Zf5pw6fQPa/ideqNu5A5331UEEdMYlQFpP8fJDdAytY/9g==",
      "license": "MIT"
    },
    "node_modules/@ts-jison/lexer": {
      "version": "0.4.1-alpha.4",
      "resolved": "https://registry.npmjs.org/@ts-jison/lexer/-/lexer-0.4.1-alpha.4.tgz",
      "integrity": "sha512-OkmxoZJIAmU6wTQfEeqey+4C62cehwfhV9gx4Hbge2dhdNtZkUbNkrYyuSdUbsIx3E4w6bwVOp+8kQAFblpVrQ==",
      "license": "MIT",
      "dependencies": {
        "@ts-jison/common": "^0.4.1-alpha.4"
      }
    },
    "node_modules/@ts-jison/parser": {
      "version": "0.4.1-alpha.4",
      "resolved": "https://registry.npmjs.org/@ts-jison/parser/-/parser-0.4.1-alpha.4.tgz",
      "integrity": "sha512-GD+AGlG/Nc7zF/rLtsM695G7Pff6UFBLYuMRC4KD4K9pDGGNMKjCE0/+XGh/1lyo89eb9bLcN7pezRk/JENmPw==",
      "license": "MIT",
      "dependencies": {
        "@ts-jison/common": "^0.4.1-alpha.4",
        "@ts-jison/lexer": "^0.4.1-alpha.4"
      }
    },
    "node_modules/@types/json-logic-js": {
      "version": "2.0.8",
      "resolved": "https://registry.npmjs.org/@types/json-logic-js/-/json-logic-js-2.0.8.tgz",
      "integrity": "sha512-WgNsDPuTPKYXl0Jh0IfoCoJoAGGYZt5qzpmjuLSEg7r0cKp/kWtWp0HAsVepyPSPyXiHo6uXp/B/kW/2J1fa2Q==",
      "license": "MIT"
    },
    "node_modules/@types/use-sync-external-store": {
      "version": "0.0.6",
      "resolved": "https://registry.npmjs.org/@types/use-sync-external-store/-/use-sync-external-store-0.0.6.tgz",
      "integrity": "sha512-zFDAD+tlpf2r4asuHEj0XH6pY6i0g5NeAHPn+15wk3BV6JA69eERFXC1gyGThDkVa1zCyKr5jox1+2LbV/AMLg==",
      "license": "MIT"
    },
    "node_modules/dnd-core": {
      "version": "16.0.1",
      "resolved": "https://registry.npmjs.org/dnd-core/-/dnd-core-16.0.1.tgz",
      "integrity": "sha512-HK294sl7tbw6F6IeuK16YSBUoorvHpY8RHO+9yFfaJyCDVb6n7PRcezrOEOa2SBCqiYpemh5Jx20ZcjKdFAVng==",
      "license": "MIT",
      "dependencies": {
        "@react-dnd/asap": "^5.0.1",
        "@react-dnd/invariant": "^4.0.1",
        "redux": "^4.2.0"
      }
    },
    "node_modules/dnd-core/node_modules/redux": {
      "version": "4.2.1",
      "resolved": "https://registry.npmjs.org/redux/-/redux-4.2.1.tgz",
      "integrity": "sha512-LAUYz4lc+Do8/g7aeRa8JkyDErK6ekstQaqWQrNRW//MY1TvCEpMtpTWvlQ+FPbWCx+Xixu/6SHt5N0HR+SB4w==",
      "license": "MIT",
      "dependencies": {
        "@babel/runtime": "^7.9.2"
      }
    },
    "node_modules/esbuild": {
      "version": "0.28.2",
      "resolved": "https://registry.npmjs.org/esbuild/-/esbuild-0.28.2.tgz",
      "integrity": "sha512-HKVLS8dvII+xoKW9kmqxbRKrnWEXfJJr/FZhhJmiqIB0e053QNYFqOBouTMO/k5sID4MvCiUCvv8b9M4h32wIA==",
      "dev": true,
      "hasInstallScript": true,
      "license": "MIT",
      "bin": {
        "esbuild": "bin/esbuild"
      },
      "engines": {
        "node": ">=18"
      },
      "optionalDependencies": {
        "@esbuild/aix-ppc64": "0.28.2",
        "@esbuild/android-arm": "0.28.2",
        "@esbuild/android-arm64": "0.28.2",
        "@esbuild/android-x64": "0.28.2",
        "@esbuild/darwin-arm64": "0.28.2",
        "@esbuild/darwin-x64": "0.28.2",
        "@esbuild/freebsd-arm64": "0.28.2",
        "@esbuild/freebsd-x64": "0.28.2",
        "@esbuild/linux-arm": "0.28.2",
        "@esbuild/linux-arm64": "0.28.2",
        "@esbuild/linux-ia32": "0.28.2",
        "@esbuild/linux-loong64": "0.28.2",
        "@esbuild/linux-mips64el": "0.28.2",
        "@esbuild/linux-ppc64": "0.28.2",
        "@esbuild/linux-riscv64": "0.28.2",
        "@esbuild/linux-s390x": "0.28.2",
        "@esbuild/linux-x64": "0.28.2",
        "@esbuild/netbsd-arm64": "0.28.2",
        "@esbuild/netbsd-x64": "0.28.2",
        "@esbuild/openbsd-arm64": "0.28.2",
        "@esbuild/openbsd-x64": "0.28.2",
        "@esbuild/openharmony-arm64": "0.28.2",
        "@esbuild/sunos-x64": "0.28.2",
        "@esbuild/win32-arm64": "0.28.2",
        "@esbuild/win32-ia32": "0.28.2",
        "@esbuild/win32-x64": "0.28.2"
      }
    },
    "node_modules/fast-deep-equal": {
      "version": "3.1.3",
      "resolved": "https://registry.npmjs.org/fast-deep-equal/-/fast-deep-equal-3.1.3.tgz",
      "integrity": "sha512-f3qQ9oQy9j2AhBe/H9VC91wLmKBCCU/gDOnKNAYG5hswO7BLKj09Hc5HYNz9cGI++xlpDCIgDaitVs03ATR84Q==",
      "license": "MIT"
    },
    "node_modules/hoist-non-react-statics": {
      "version": "3.3.2",
      "resolved": "https://registry.npmjs.org/hoist-non-react-statics/-/hoist-non-react-statics-3.3.2.tgz",
      "integrity": "sha512-/gGivxi8JPKWNm/W0jSmzcMPpfpPLc3dY/6GxhX2hQ9iGj3aDfklV4ET7NjKpSinLpJ5vafa9iiGIEZg10SfBw==",
      "license": "BSD-3-Clause",
      "dependencies": {
        "react-is": "^16.7.0"
      }
    },
    "node_modules/immer": {
      "version": "11.1.18",
      "resolved": "https://registry.npmjs.org/immer/-/immer-11.1.18.tgz",
      "integrity": "sha512-EQyQtLiYW029lyoczMl/Hh4Xu7cDecSc58JRYpHyL4tIAu3eqd1yJzQX04d2BZHDkzFFvm6qJEJWOtfDSWAXbQ==",
      "license": "MIT",
      "funding": {
        "type": "opencollective",
        "url": "https://opencollective.com/immer"
      }
    },
    "node_modules/numeric-quantity": {
      "version": "3.3.3",
      "resolved": "https://registry.npmjs.org/numeric-quantity/-/numeric-quantity-3.3.3.tgz",
      "integrity": "sha512-XICjnIs8Q8vUlOvVOFI8Xe3kte8fknfpzASHjwy4R2GtRm4Q5lI+d62JqFe54X4kqj/xdsucWxYe8G+OD9O8Uw==",
      "license": "MIT",
      "engines": {
        "node": ">=16"
      }
    },
    "node_modules/react": {
      "version": "19.3.0",
      "resolved": "https://registry.npmjs.org/react/-/react-19.3.0.tgz",
      "integrity": "sha512-E8LUcbtBWt20bbl2YoHfx4ZDBdxVTfOKtCZn9cDSJ4l6/nuoApcpIBcj47t2wZoVX8g2ZHuMHbiShgCR1T5Sog==",
      "license": "MIT",
      "engines": {
        "node": ">=0.10.0"
      }
    },
    "node_modules/react-dnd": {
      "version": "16.0.1",
      "resolved": "https://registry.npmjs.org/react-dnd/-/react-dnd-16.0.1.tgz",
      "integrity": "sha512-QeoM/i73HHu2XF9aKksIUuamHPDvRglEwdHL4jsp784BgUuWcg6mzfxT0QDdQz8Wj0qyRKx2eMg8iZtWvU4E2Q==",
      "license": "MIT",
      "dependencies": {
        "@react-dnd/invariant": "^4.0.1",
        "@react-dnd/shallowequal": "^4.0.1",
        "dnd-core": "^16.0.1",
        "fast-deep-equal": "^3.1.3",
        "hoist-non-react-statics": "^3.3.2"
      },
      "peerDependencies": {
        "@types/hoist-non-react-statics": ">= 3.3.1",
        "@types/node": ">= 12",
        "@types/react": ">= 16",
        "react": ">= 16.14"
      },
      "peerDependenciesMeta": {
        "@types/hoist-non-react-statics": {
          "optional": true
        },
        "@types/node": {
          "optional": true
        },
        "@types/react": {
          "optional": true
        }
      }
    },
    "node_modules/react-dnd-html5-backend": {
      "version": "16.0.1",
      "resolved": "https://registry.npmjs.org/react-dnd-html5-backend/-/react-dnd-html5-backend-16.0.1.tgz",
      "integrity": "sha512-Wu3dw5aDJmOGw8WjH1I1/yTH+vlXEL4vmjk5p+MHxP8HuHJS1lAGeIdG/hze1AvNeXWo/JgULV87LyQOr+r5jw==",
      "license": "MIT",
      "dependencies": {
        "dnd-core": "^16.0.1"
      }
    },
    "node_modules/react-dom": {
      "version": "19.3.0",
      "resolved": "https://registry.npmjs.org/react-dom/-/react-dom-19.3.0.tgz",
      "integrity": "sha512-JDk8dgif51OjFoDE70+OT9ICyYr+69HlmihNwp1+Nsfbna3t5sIiCa9ZJktDmQ4/1b/rn26hIAR2uYXDMr5r0Q==",
      "license": "MIT",
      "dependencies": {
        "scheduler": "^0.28.0"
      },
      "peerDependencies": {
        "react": "^19.3.0"
      }
    },
    "node_modules/react-is": {
      "version": "16.13.1",
      "resolved": "https://registry.npmjs.org/react-is/-/react-is-16.13.1.tgz",
      "integrity": "sha512-24e6ynE2H+OKt4kqsOvNd8kBpV65zoxbA4BVsEOB3ARVWQki/DHzaUoC5KuON/BiccDaCCTZBuOcfZs70kR8bQ==",
      "license": "MIT"
    },
    "node_modules/react-querybuilder": {
      "version": "8.24.3",
      "resolved": "https://registry.npmjs.org/react-querybuilder/-/react-querybuilder-8.24.3.tgz",
      "integrity": "sha512-69ro6ZI+lYhR520u2NRyg4/QwQDT2m09YnCASZICVpsSuNtM7/aTCA1a4vQVBzXRoB6sZerO+jn9xlkU0I8MkQ==",
      "license": "MIT",
      "dependencies": {
        "@react-querybuilder/core": "^8.24.3",
        "@reduxjs/toolkit": "^2.12.0",
        "react-redux": "^9.3.0"
      },
      "peerDependencies": {
        "react": ">=18"
      }
    },
    "node_modules/react-redux": {
      "version": "9.3.0",
      "resolved": "https://registry.npmjs.org/react-redux/-/react-redux-9.3.0.tgz",
      "integrity": "sha512-KQopgqFo/p/fgmAs5qz6p5RWaNAzq40WAu7fJIXnQpYxFPbJYtsJPWvGeF2rOBaY/kEuV77AVsX8TsQzKm+A/g==",
      "license": "MIT",
      "dependencies": {
        "@types/use-sync-external-store": "^0.0.6",
        "use-sync-external-store": "^1.4.0"
      },
      "peerDependencies": {
        "@types/react": "^18.2.25 || ^19",
        "react": "^18.0 || ^19",
        "redux": "^5.0.0"
      },
      "peerDependenciesMeta": {
        "@types/react": {
          "optional": true
        },
        "redux": {
          "optional": true
        }
      }
    },
    "node_modules/redux": {
      "version": "5.0.1",
      "resolved": "https://registry.npmjs.org/redux/-/redux-5.0.1.tgz",
      "integrity": "sha512-M9/ELqF6fy8FwmkpnF0S3YKOqMyoWJ4+CS5Efg2ct3oY9daQvd/Pc71FpGZsVsbl3Cpb+IIcjBDUnnyBdQbq4w==",
      "license": "MIT"
    },
    "node_modules/redux-thunk": {
      "version": "3.1.0",
      "resolved": "https://registry.npmjs.org/redux-thunk/-/redux-thunk-3.1.0.tgz",
      "integrity": "sha512-NW2r5T6ksUKXCabzhL9z+h206HQw/NJkcLm1GPImRQ8IzfXwRGqjVhKJGauHirT0DAuyy6hjdnMZaRoAcy0Klw==",
      "license": "MIT",
      "peerDependencies": {
        "redux": "^5.0.0"
      }
    },
    "node_modules/reselect": {
      "version": "5.3.0",
      "resolved": "https://registry.npmjs.org/reselect/-/reselect-5.3.0.tgz",
      "integrity": "sha512-XGoLeRAVzUTcJ1qkxPQhDJyIZ5d6zzZD9nT7AEZOaaU9UbWclhycElmhO+VD5bFeLuzhPBaOV2oXC8uG35ZSpg==",
      "license": "MIT"
    },
    "node_modules/scheduler": {
      "version": "0.28.0",
      "resolved": "https://registry.npmjs.org/scheduler/-/scheduler-0.28.0.tgz",
      "integrity": "sha512-juorfCmIkIw8tT+p5BXSm6PJjQF/ycEYmKyzURCIt/RaZIhL+PulbQ9Yu2z1HdOJDdqDTlxA1+xKBmHXJsczAw==",
      "license": "MIT"
    },
    "node_modules/use-sync-external-store": {
      "version": "1.7.0",
      "resolved": "https://registry.npmjs.org/use-sync-external-store/-/use-sync-external-store-1.7.0.tgz",
      "integrity": "sha512-6L+EeigHMQhdaIPNIFUKwfWJSwWFQ8gJbJ2DLOs5sDIegTwR9fRxvnM3uciHKjIZhFz+KAv2emhWMRvDmMcY8A==",
      "license": "MIT",
      "peerDependencies": {
        "react": "^16.8.0 || ^17.0.0 || ^18.0.0 || ^19.0.0"
      }
    }
  }
}
